
Microsoft Visual Studio Solution File, Format Version 12.00
# Visual Studio Version 17
VisualStudioVersion = 17.7.34003.232
MinimumVisualStudioVersion = 10.0.40219.1
Project("{FAE04EC0-301F-11D3-BF4B-00C04F79EFBC}") = "ProjectSetup", "ProjectSetup.csproj", "{55F5160F-B4A0-4053-821A-FCE3BBE48F9C}"
EndProject
Global
	GlobalSection(SolutionConfigurationPlatforms) = preSolution
		Debug|Any CPU = Debug|Any CPU
		Release|Any CPU = Release|Any CPU
	EndGlobalSection
	GlobalSection(ProjectConfigurationPlatforms) = postSolution
		{55F5160F-B4A0-4053-821A-FCE3BBE48F9C}.Debug|Any CPU.ActiveCfg = Debug|Any CPU
		{55F5160F-B4A0-4053-821A-FCE3BBE48F9C}.Debug|Any CPU.Build.0 = Debug|Any CPU
		{55F5160F-B4A0-4053-821A-FCE3BBE48F9C}.Release|Any CPU.ActiveCfg = Release|Any CPU
		{55F5160F-B4A0-4053-821A-FCE3BBE48F9C}.Release|Any CPU.Build.0 = Release|Any CPU
	EndGlobalSection
	GlobalSection(SolutionProperties) = preSolution
		HideSolutionNode = FALSE
	EndGlobalSection
	GlobalSection(ExtensibilityGlobals) = postSolution
		SolutionGuid = {A1B67EAC-46D8-46F3-8558-3D32E6F313CF}
	EndGlobalSection
EndGlobal
